
Microsoft Visual Studio Solution File, Format Version 12.00
# Visual Studio Version 17
VisualStudioVersion = 17.4.33205.214
MinimumVisualStudioVersion = 10.0.40219.1
Project("{FAE04EC0-301F-11D3-BF4B-00C04F79EFBC}") = "Smart-Flower-Shop", "Smart-Flower-Shop.csproj", "{10C2CBF7-0786-4DC3-87B3-49E78E871551}"
EndProject
Global
	GlobalSection(SolutionConfigurationPlatforms) = preSolution
		Debug|Any CPU = Debug|Any CPU
		Release|Any CPU = Release|Any CPU
	EndGlobalSection
	GlobalSection(ProjectConfigurationPlatforms) = postSolution
		{10C2CBF7-0786-4DC3-87B3-49E78E871551}.Debug|Any CPU.ActiveCfg = Debug|Any CPU
		{10C2CBF7-0786-4DC3-87B3-49E78E871551}.Debug|Any CPU.Build.0 = Debug|Any CPU
		{10C2CBF7-0786-4DC3-87B3-49E78E871551}.Release|Any CPU.ActiveCfg = Release|Any CPU
		{10C2CBF7-0786-4DC3-87B3-49E78E871551}.Release|Any CPU.Build.0 = Release|Any CPU
	EndGlobalSection
	GlobalSection(SolutionProperties) = preSolution
		HideSolutionNode = FALSE
	EndGlobalSection
	GlobalSection(ExtensibilityGlobals) = postSolution
		SolutionGuid = {E8D75CD9-D244-4E3E-ADF8-0D323769D142}
	EndGlobalSection
EndGlobal
